
Microsoft Visual Studio Solution File, Format Version 12.00
# Visual Studio 14
VisualStudioVersion = 14.0.25420.1
MinimumVisualStudioVersion = 10.0.40219.1
Project("{F2A71F9B-5D33-465A-A702-920D77279786}") = "SpokenWord", "SpokenWord\SpokenWord.fsproj", "{C646C0B7-6EC7-4B89-A46B-8EF318FCA66C}"
EndProject
Project("{F2A71F9B-5D33-465A-A702-920D77279786}") = "SpokenWord.iOS", "SpokenWord.iOS\SpokenWord.iOS.fsproj", "{D7EB770B-7660-44FC-AB53-138E69340B40}"
EndProject
Global
	GlobalSection(SolutionConfigurationPlatforms) = preSolution
		Ad-Hoc|Any CPU = Ad-Hoc|Any CPU
		Ad-Hoc|iPhone = Ad-Hoc|iPhone
		Ad-Hoc|iPhoneSimulator = Ad-Hoc|iPhoneSimulator
		AppStore|Any CPU = AppStore|Any CPU
		AppStore|iPhone = AppStore|iPhone
		AppStore|iPhoneSimulator = AppStore|iPhoneSimulator
		Debug|Any CPU = Debug|Any CPU
		Debug|iPhone = Debug|iPhone
		Debug|iPhoneSimulator = Debug|iPhoneSimulator
		Release|Any CPU = Release|Any CPU
		Release|iPhone = Release|iPhone
		Release|iPhoneSimulator = Release|iPhoneSimulator
	EndGlobalSection
	GlobalSection(ProjectConfigurationPlatforms) = postSolution
		{C646C0B7-6EC7-4B89-A46B-8EF318FCA66C}.Ad-Hoc|Any CPU.ActiveCfg = Release|Any CPU
		{C646C0B7-6EC7-4B89-A46B-8EF318FCA66C}.Ad-Hoc|Any CPU.Build.0 = Release|Any CPU
		{C646C0B7-6EC7-4B89-A46B-8EF318FCA66C}.Ad-Hoc|iPhone.ActiveCfg = Release|Any CPU
		{C646C0B7-6EC7-4B89-A46B-8EF318FCA66C}.Ad-Hoc|iPhone.Build.0 = Release|Any CPU
		{C646C0B7-6EC7-4B89-A46B-8EF318FCA66C}.Ad-Hoc|iPhoneSimulator.ActiveCfg = Release|Any CPU
		{C646C0B7-6EC7-4B89-A46B-8EF318FCA66C}.Ad-Hoc|iPhoneSimulator.Build.0 = Release|Any CPU
		{C646C0B7-6EC7-4B89-A46B-8EF318FCA66C}.AppStore|Any CPU.ActiveCfg = Release|Any CPU
		{C646C0B7-6EC7-4B89-A46B-8EF318FCA66C}.AppStore|Any CPU.Build.0 = Release|Any CPU
		{C646C0B7-6EC7-4B89-A46B-8EF318FCA66C}.AppStore|iPhone.ActiveCfg = Release|Any CPU
		{C646C0B7-6EC7-4B89-A46B-8EF318FCA66C}.AppStore|iPhone.Build.0 = Release|Any CPU
		{C646C0B7-6EC7-4B89-A46B-8EF318FCA66C}.AppStore|iPhoneSimulator.ActiveCfg = Release|Any CPU
		{C646C0B7-6EC7-4B89-A46B-8EF318FCA66C}.AppStore|iPhoneSimulator.Build.0 = Release|Any CPU
		{C646C0B7-6EC7-4B89-A46B-8EF318FCA66C}.Debug|Any CPU.ActiveCfg = Debug|Any CPU
		{C646C0B7-6EC7-4B89-A46B-8EF318FCA66C}.Debug|Any CPU.Build.0 = Debug|Any CPU
		{C646C0B7-6EC7-4B89-A46B-8EF318FCA66C}.Debug|iPhone.ActiveCfg = Debug|Any CPU
		{C646C0B7-6EC7-4B89-A46B-8EF318FCA66C}.Debug|iPhone.Build.0 = Debug|Any CPU
		{C646C0B7-6EC7-4B89-A46B-8EF318FCA66C}.Debug|iPhoneSimulator.ActiveCfg = Debug|Any CPU
		{C646C0B7-6EC7-4B89-A46B-8EF318FCA66C}.Debug|iPhoneSimulator.Build.0 = Debug|Any CPU
		{C646C0B7-6EC7-4B89-A46B-8EF318FCA66C}.Release|Any CPU.ActiveCfg = Release|Any CPU
		{C646C0B7-6EC7-4B89-A46B-8EF318FCA66C}.Release|Any CPU.Build.0 = Release|Any CPU
		{C646C0B7-6EC7-4B89-A46B-8EF318FCA66C}.Release|iPhone.ActiveCfg = Release|Any CPU
		{C646C0B7-6EC7-4B89-A46B-8EF318FCA66C}.Release|iPhone.Build.0 = Release|Any CPU
		{C646C0B7-6EC7-4B89-A46B-8EF318FCA66C}.Release|iPhoneSimulator.ActiveCfg = Release|Any CPU
		{C646C0B7-6EC7-4B89-A46B-8EF318FCA66C}.Release|iPhoneSimulator.Build.0 = Release|Any CPU
		{D7EB770B-7660-44FC-AB53-138E69340B40}.Ad-Hoc|Any CPU.ActiveCfg = Ad-Hoc|iPhone
		{D7EB770B-7660-44FC-AB53-138E69340B40}.Ad-Hoc|iPhone.ActiveCfg = Ad-Hoc|iPhone
		{D7EB770B-7660-44FC-AB53-138E69340B40}.Ad-Hoc|iPhone.Build.0 = Ad-Hoc|iPhone
		{D7EB770B-7660-44FC-AB53-138E69340B40}.Ad-Hoc|iPhoneSimulator.ActiveCfg = Ad-Hoc|iPhoneSimulator
		{D7EB770B-7660-44FC-AB53-138E69340B40}.Ad-Hoc|iPhoneSimulator.Build.0 = Ad-Hoc|iPhoneSimulator
		{D7EB770B-7660-44FC-AB53-138E69340B40}.AppStore|Any CPU.ActiveCfg = AppStore|iPhone
		{D7EB770B-7660-44FC-AB53-138E69340B40}.AppStore|iPhone.ActiveCfg = AppStore|iPhone
		{D7EB770B-7660-44FC-AB53-138E69340B40}.AppStore|iPhone.Build.0 = AppStore|iPhone
		{D7EB770B-7660-44FC-AB53-138E69340B40}.AppStore|iPhoneSimulator.ActiveCfg = AppStore|iPhoneSimulator
		{D7EB770B-7660-44FC-AB53-138E69340B40}.AppStore|iPhoneSimulator.Build.0 = AppStore|iPhoneSimulator
		{D7EB770B-7660-44FC-AB53-138E69340B40}.Debug|Any CPU.ActiveCfg = Debug|iPhone
		{D7EB770B-7660-44FC-AB53-138E69340B40}.Debug|iPhone.ActiveCfg = Debug|iPhone
		{D7EB770B-7660-44FC-AB53-138E69340B40}.Debug|iPhone.Build.0 = Debug|iPhone
		{D7EB770B-7660-44FC-AB53-138E69340B40}.Debug|iPhoneSimulator.ActiveCfg = Debug|iPhoneSimulator
		{D7EB770B-7660-44FC-AB53-138E69340B40}.Debug|iPhoneSimulator.Build.0 = Debug|iPhoneSimulator
		{D7EB770B-7660-44FC-AB53-138E69340B40}.Release|Any CPU.ActiveCfg = Release|iPhone
		{D7EB770B-7660-44FC-AB53-138E69340B40}.Release|iPhone.ActiveCfg = Release|iPhone
		{D7EB770B-7660-44FC-AB53-138E69340B40}.Release|iPhone.Build.0 = Release|iPhone
		{D7EB770B-7660-44FC-AB53-138E69340B40}.Release|iPhoneSimulator.ActiveCfg = Release|iPhoneSimulator
		{D7EB770B-7660-44FC-AB53-138E69340B40}.Release|iPhoneSimulator.Build.0 = Release|iPhoneSimulator
	EndGlobalSection
	GlobalSection(SolutionProperties) = preSolution
		HideSolutionNode = FALSE
	EndGlobalSection
EndGlobal
